// !$*UTF8*$!
{
	archiveVersion = 1;
	classes = {
	};
	objectVersion = 46;
	objects = {

/* Begin PBXBuildFile section */
		D159E1271A22E19100B2C7EB /* BAE.jpg in Resources */ = {isa = PBXBuildFile; fileRef = D159E1261A22E19100B2C7EB /* BAE.jpg */; };
		D159E1291A22E21E00B2C7EB /* BAE2.png in Resources */ = {isa = PBXBuildFile; fileRef = D159E1281A22E21E00B2C7EB /* BAE2.png */; };
		D159E12B1A22E40C00B2C7EB /* Length.swift in Sources */ = {isa = PBXBuildFile; fileRef = D159E12A1A22E40C00B2C7EB /* Length.swift */; };
		D1BAED231A1EA35000E99797 /* AppDelegate.swift in Sources */ = {isa = PBXBuildFile; fileRef = D1BAED221A1EA35000E99797 /* AppDelegate.swift */; };
		D1BAED251A1EA35000E99797 /* ViewController.swift in Sources */ = {isa = PBXBuildFile; fileRef = D1BAED241A1EA35000E99797 /* ViewController.swift */; };
		D1BAED281A1EA35000E99797 /* Main.storyboard in Resources */ = {isa = PBXBuildFile; fileRef = D1BAED261A1EA35000E99797 /* Main.storyboard */; };
		D1BAED2A1A1EA35000E99797 /* Images.xcassets in Resources */ = {isa = PBXBuildFile; fileRef = D1BAED291A1EA35000E99797 /* Images.xcassets */; };
		D1BAED2D1A1EA35000E99797 /* LaunchScreen.xib in Resources */ = {isa = PBXBuildFile; fileRef = D1BAED2B1A1EA35000E99797 /* LaunchScreen.xib */; };
		D1BAED391A1EA35000E99797 /* BAETests.swift in Sources */ = {isa = PBXBuildFile; fileRef = D1BAED381A1EA35000E99797 /* BAETests.swift */; };
		D1BAED431A1EA3A000E99797 /* lol copy.png in Resources */ = {isa = PBXBuildFile; fileRef = D1BAED421A1EA3A000E99797 /* lol copy.png */; };
		D1BAED451A1EA3A600E99797 /* bAE.png in Resources */ = {isa = PBXBuildFile; fileRef = D1BAED441A1EA3A600E99797 /* bAE.png */; };
		D1CA62591A22CD9E006EAC24 /* ShoeConverter.swift in Sources */ = {isa = PBXBuildFile; fileRef = D1CA62581A22CD9E006EAC24 /* ShoeConverter.swift */; };
		D1CA625B1A22DC21006EAC24 /* Nike copy.jpg in Resources */ = {isa = PBXBuildFile; fileRef = D1CA625A1A22DC21006EAC24 /* Nike copy.jpg */; };
		D1CA625D1A22DCE3006EAC24 /* TmRD0S5.jpg in Resources */ = {isa = PBXBuildFile; fileRef = D1CA625C1A22DCE3006EAC24 /* TmRD0S5.jpg */; };
		D1CA625F1A22DD6D006EAC24 /* DSC02935_6_7-3.jpg in Resources */ = {isa = PBXBuildFile; fileRef = D1CA625E1A22DD6D006EAC24 /* DSC02935_6_7-3.jpg */; };
/* End PBXBuildFile section */

/* Begin PBXContainerItemProxy section */
		D1BAED331A1EA35000E99797 /* PBXContainerItemProxy */ = {
			isa = PBXContainerItemProxy;
			containerPortal = D1BAED151A1EA35000E99797 /* Project object */;
			proxyType = 1;
			remoteGlobalIDString = D1BAED1C1A1EA35000E99797;
			remoteInfo = BAE;
		};
/* End PBXContainerItemProxy section */

/* Begin PBXFileReference section */
		D159E1261A22E19100B2C7EB /* BAE.jpg */ = {isa = PBXFileReference; lastKnownFileType = image.jpeg; path = BAE.jpg; sourceTree = "<group>"; };
		D159E1281A22E21E00B2C7EB /* BAE2.png */ = {isa = PBXFileReference; lastKnownFileType = image.png; path = BAE2.png; sourceTree = "<group>"; };
		D159E12A1A22E40C00B2C7EB /* Length.swift */ = {isa = PBXFileReference; fileEncoding = 4; lastKnownFileType = sourcecode.swift; path = Length.swift; sourceTree = "<group>"; };
		D1BAED1D1A1EA35000E99797 /* BAE.app */ = {isa = PBXFileReference; explicitFileType = wrapper.application; includeInIndex = 0; path = BAE.app; sourceTree = BUILT_PRODUCTS_DIR; };
		D1BAED211A1EA35000E99797 /* Info.plist */ = {isa = PBXFileReference; lastKnownFileType = text.plist.xml; path = Info.plist; sourceTree = "<group>"; };
		D1BAED221A1EA35000E99797 /* AppDelegate.swift */ = {isa = PBXFileReference; lastKnownFileType = sourcecode.swift; path = AppDelegate.swift; sourceTree = "<group>"; };
		D1BAED241A1EA35000E99797 /* ViewController.swift */ = {isa = PBXFileReference; lastKnownFileType = sourcecode.swift; path = ViewController.swift; sourceTree = "<group>"; };
		D1BAED271A1EA35000E99797 /* Base */ = {isa = PBXFileReference; lastKnownFileType = file.storyboard; name = Base; path = Base.lproj/Main.storyboard; sourceTree = "<group>"; };
		D1BAED291A1EA35000E99797 /* Images.xcassets */ = {isa = PBXFileReference; lastKnownFileType = folder.assetcatalog; path = Images.xcassets; sourceTree = "<group>"; };
		D1BAED2C1A1EA35000E99797 /* Base */ = {isa = PBXFileReference; lastKnownFileType = file.xib; name = Base; path = Base.lproj/LaunchScreen.xib; sourceTree = "<group>"; };
		D1BAED321A1EA35000E99797 /* BAETests.xctest */ = {isa = PBXFileReference; explicitFileType = wrapper.cfbundle; includeInIndex = 0; path = BAETests.xctest; sourceTree = BUILT_PRODUCTS_DIR; };
		D1BAED371A1EA35000E99797 /* Info.plist */ = {isa = PBXFileReference; lastKnownFileType = text.plist.xml; path = Info.plist; sourceTree = "<group>"; };
		D1BAED381A1EA35000E99797 /* BAETests.swift */ = {isa = PBXFileReference; lastKnownFileType = sourcecode.swift; path = BAETests.swift; sourceTree = "<group>"; };
		D1BAED421A1EA3A000E99797 /* lol copy.png */ = {isa = PBXFileReference; lastKnownFileType = image.png; path = "lol copy.png"; sourceTree = "<group>"; };
		D1BAED441A1EA3A600E99797 /* bAE.png */ = {isa = PBXFileReference; lastKnownFileType = image.png; path = bAE.png; sourceTree = "<group>"; };
		D1CA62581A22CD9E006EAC24 /* ShoeConverter.swift */ = {isa = PBXFileReference; fileEncoding = 4; lastKnownFileType = sourcecode.swift; path = ShoeConverter.swift; sourceTree = "<group>"; };
		D1CA625A1A22DC21006EAC24 /* Nike copy.jpg */ = {isa = PBXFileReference; lastKnownFileType = image.jpeg; path = "Nike copy.jpg"; sourceTree = "<group>"; };
		D1CA625C1A22DCE3006EAC24 /* TmRD0S5.jpg */ = {isa = PBXFileReference; lastKnownFileType = image.jpeg; path = TmRD0S5.jpg; sourceTree = "<group>"; };
		D1CA625E1A22DD6D006EAC24 /* DSC02935_6_7-3.jpg */ = {isa = PBXFileReference; lastKnownFileType = image.jpeg; path = "DSC02935_6_7-3.jpg"; sourceTree = "<group>"; };
/* End PBXFileReference section */

/* Begin PBXFrameworksBuildPhase section */
		D1BAED1A1A1EA35000E99797 /* Frameworks */ = {
			isa = PBXFrameworksBuildPhase;
			buildActionMask = 2147483647;
			files = (
			);
			runOnlyForDeploymentPostprocessing = 0;
		};
		D1BAED2F1A1EA35000E99797 /* Frameworks */ = {
			isa = PBXFrameworksBuildPhase;
			buildActionMask = 2147483647;
			files = (
			);
			runOnlyForDeploymentPostprocessing = 0;
		};
/* End PBXFrameworksBuildPhase section */

/* Begin PBXGroup section */
		D1BAED141A1EA35000E99797 = {
			isa = PBXGroup;
			children = (
				D1BAED1F1A1EA35000E99797 /* BAE */,
				D1BAED351A1EA35000E99797 /* BAETests */,
				D1BAED1E1A1EA35000E99797 /* Products */,
			);
			sourceTree = "<group>";
		};
		D1BAED1E1A1EA35000E99797 /* Products */ = {
			isa = PBXGroup;
			children = (
				D1BAED1D1A1EA35000E99797 /* BAE.app */,
				D1BAED321A1EA35000E99797 /* BAETests.xctest */,
			);
			name = Products;
			sourceTree = "<group>";
		};
		D1BAED1F1A1EA35000E99797 /* BAE */ = {
			isa = PBXGroup;
			children = (
				D1BAED221A1EA35000E99797 /* AppDelegate.swift */,
				D1BAED241A1EA35000E99797 /* ViewController.swift */,
				D159E12A1A22E40C00B2C7EB /* Length.swift */,
				D1CA62581A22CD9E006EAC24 /* ShoeConverter.swift */,
				D1BAED261A1EA35000E99797 /* Main.storyboard */,
				D1BAED291A1EA35000E99797 /* Images.xcassets */,
				D1BAED2B1A1EA35000E99797 /* LaunchScreen.xib */,
				D1BAED201A1EA35000E99797 /* Supporting Files */,
			);
			path = BAE;
			sourceTree = "<group>";
		};
		D1BAED201A1EA35000E99797 /* Supporting Files */ = {
			isa = PBXGroup;
			children = (
				D159E1281A22E21E00B2C7EB /* BAE2.png */,
				D159E1261A22E19100B2C7EB /* BAE.jpg */,
				D1CA625E1A22DD6D006EAC24 /* DSC02935_6_7-3.jpg */,
				D1CA625C1A22DCE3006EAC24 /* TmRD0S5.jpg */,
				D1CA625A1A22DC21006EAC24 /* Nike copy.jpg */,
				D1BAED421A1EA3A000E99797 /* lol copy.png */,
				D1BAED441A1EA3A600E99797 /* bAE.png */,
				D1BAED211A1EA35000E99797 /* Info.plist */,
			);
			name = "Supporting Files";
			sourceTree = "<group>";
		};
		D1BAED351A1EA35000E99797 /* BAETests */ = {
			isa = PBXGroup;
			children = (
				D1BAED381A1EA35000E99797 /* BAETests.swift */,
				D1BAED361A1EA35000E99797 /* Supporting Files */,
			);
			path = BAETests;
			sourceTree = "<group>";
		};
		D1BAED361A1EA35000E99797 /* Supporting Files */ = {
			isa = PBXGroup;
			children = (
				D1BAED371A1EA35000E99797 /* Info.plist */,
			);
			name = "Supporting Files";
			sourceTree = "<group>";
		};
/* End PBXGroup section */

/* Begin PBXNativeTarget section */
		D1BAED1C1A1EA35000E99797 /* BAE */ = {
			isa = PBXNativeTarget;
			buildConfigurationList = D1BAED3C1A1EA35000E99797 /* Build configuration list for PBXNativeTarget "BAE" */;
			buildPhases = (
				D1BAED191A1EA35000E99797 /* Sources */,
				D1BAED1A1A1EA35000E99797 /* Frameworks */,
				D1BAED1B1A1EA35000E99797 /* Resources */,
			);
			buildRules = (
			);
			dependencies = (
			);
			name = BAE;
			productName = BAE;
			productReference = D1BAED1D1A1EA35000E99797 /* BAE.app */;
			productType = "com.apple.product-type.application";
		};
		D1BAED311A1EA35000E99797 /* BAETests */ = {
			isa = PBXNativeTarget;
			buildConfigurationList = D1BAED3F1A1EA35000E99797 /* Build configuration list for PBXNativeTarget "BAETests" */;
			buildPhases = (
				D1BAED2E1A1EA35000E99797 /* Sources */,
				D1BAED2F1A1EA35000E99797 /* Frameworks */,
				D1BAED301A1EA35000E99797 /* Resources */,
			);
			buildRules = (
			);
			dependencies = (
				D1BAED341A1EA35000E99797 /* PBXTargetDependency */,
			);
			name = BAETests;
			productName = BAETests;
			productReference = D1BAED321A1EA35000E99797 /* BAETests.xctest */;
			productType = "com.apple.product-type.bundle.unit-test";
		};
/* End PBXNativeTarget section */

/* Begin PBXProject section */
		D1BAED151A1EA35000E99797 /* Project object */ = {
			isa = PBXProject;
			attributes = {
				LastUpgradeCheck = 0620;
				ORGANIZATIONNAME = "Kevin Doherty";
				TargetAttributes = {
					D1BAED1C1A1EA35000E99797 = {
						CreatedOnToolsVersion = 6.2;
					};
					D1BAED311A1EA35000E99797 = {
						CreatedOnToolsVersion = 6.2;
						TestTargetID = D1BAED1C1A1EA35000E99797;
					};
				};
			};
			buildConfigurationList = D1BAED181A1EA35000E99797 /* Build configuration list for PBXProject "BAE" */;
			compatibilityVersion = "Xcode 3.2";
			developmentRegion = English;
			hasScannedForEncodings = 0;
			knownRegions = (
				en,
				Base,
			);
			mainGroup = D1BAED141A1EA35000E99797;
			productRefGroup = D1BAED1E1A1EA35000E99797 /* Products */;
			projectDirPath = "";
			projectRoot = "";
			targets = (
				D1BAED1C1A1EA35000E99797 /* BAE */,
				D1BAED311A1EA35000E99797 /* BAETests */,
			);
		};
/* End PBXProject section */

/* Begin PBXResourcesBuildPhase section */
		D1BAED1B1A1EA35000E99797 /* Resources */ = {
			isa = PBXResourcesBuildPhase;
			buildActionMask = 2147483647;
			files = (
				D1CA625D1A22DCE3006EAC24 /* TmRD0S5.jpg in Resources */,
				D1CA625F1A22DD6D006EAC24 /* DSC02935_6_7-3.jpg in Resources */,
				D1CA625B1A22DC21006EAC24 /* Nike copy.jpg in Resources */,
				D159E1271A22E19100B2C7EB /* BAE.jpg in Resources */,
				D1BAED451A1EA3A600E99797 /* bAE.png in Resources */,
				D1BAED281A1EA35000E99797 /* Main.storyboard in Resources */,
				D1BAED431A1EA3A000E99797 /* lol copy.png in Resources */,
				D159E1291A22E21E00B2C7EB /* BAE2.png in Resources */,
				D1BAED2D1A1EA35000E99797 /* LaunchScreen.xib in Resources */,
				D1BAED2A1A1EA35000E99797 /* Images.xcassets in Resources */,
			);
			runOnlyForDeploymentPostprocessing = 0;
		};
		D1BAED301A1EA35000E99797 /* Resources */ = {
			isa = PBXResourcesBuildPhase;
			buildActionMask = 2147483647;
			files = (
			);
			runOnlyForDeploymentPostprocessing = 0;
		};
/* End PBXResourcesBuildPhase section */

/* Begin PBXSourcesBuildPhase section */
		D1BAED191A1EA35000E99797 /* Sources */ = {
			isa = PBXSourcesBuildPhase;
			buildActionMask = 2147483647;
			files = (
				D1BAED251A1EA35000E99797 /* ViewController.swift in Sources */,
				D159E12B1A22E40C00B2C7EB /* Length.swift in Sources */,
				D1CA62591A22CD9E006EAC24 /* ShoeConverter.swift in Sources */,
				D1BAED231A1EA35000E99797 /* AppDelegate.swift in Sources */,
			);
			runOnlyForDeploymentPostprocessing = 0;
		};
		D1BAED2E1A1EA35000E99797 /* Sources */ = {
			isa = PBXSourcesBuildPhase;
			buildActionMask = 2147483647;
			files = (
				D1BAED391A1EA35000E99797 /* BAETests.swift in Sources */,
			);
			runOnlyForDeploymentPostprocessing = 0;
		};
/* End PBXSourcesBuildPhase section */

/* Begin PBXTargetDependency section */
		D1BAED341A1EA35000E99797 /* PBXTargetDependency */ = {
			isa = PBXTargetDependency;
			target = D1BAED1C1A1EA35000E99797 /* BAE */;
			targetProxy = D1BAED331A1EA35000E99797 /* PBXContainerItemProxy */;
		};
/* End PBXTargetDependency section */

/* Begin PBXVariantGroup section */
		D1BAED261A1EA35000E99797 /* Main.storyboard */ = {
			isa = PBXVariantGroup;
			children = (
				D1BAED271A1EA35000E99797 /* Base */,
			);
			name = Main.storyboard;
			sourceTree = "<group>";
		};
		D1BAED2B1A1EA35000E99797 /* LaunchScreen.xib */ = {
			isa = PBXVariantGroup;
			children = (
				D1BAED2C1A1EA35000E99797 /* Base */,
			);
			name = LaunchScreen.xib;
			sourceTree = "<group>";
		};
/* End PBXVariantGroup section */

/* Begin XCBuildConfiguration section */
		D1BAED3A1A1EA35000E99797 /* Debug */ = {
			isa = XCBuildConfiguration;
			buildSettings = {
				ALWAYS_SEARCH_USER_PATHS = NO;
				CLANG_CXX_LANGUAGE_STANDARD = "gnu++0x";
				CLANG_CXX_LIBRARY = "libc++";
				CLANG_ENABLE_MODULES = YES;
				CLANG_ENABLE_OBJC_ARC = YES;
				CLANG_WARN_BOOL_CONVERSION = YES;
				CLANG_WARN_CONSTANT_CONVERSION = YES;
				CLANG_WARN_DIRECT_OBJC_ISA_USAGE = YES_ERROR;
				CLANG_WARN_EMPTY_BODY = YES;
				CLANG_WARN_ENUM_CONVERSION = YES;
				CLANG_WARN_INT_CONVERSION = YES;
				CLANG_WARN_OBJC_ROOT_CLASS = YES_ERROR;
				CLANG_WARN_UNREACHABLE_CODE = YES;
				CLANG_WARN__DUPLICATE_METHOD_MATCH = YES;
				"CODE_SIGN_IDENTITY[sdk=iphoneos*]" = "iPhone Developer";
				COPY_PHASE_STRIP = NO;
				ENABLE_STRICT_OBJC_MSGSEND = YES;
				GCC_C_LANGUAGE_STANDARD = gnu99;
				GCC_DYNAMIC_NO_PIC = NO;
				GCC_OPTIMIZATION_LEVEL = 0;
				GCC_PREPROCESSOR_DEFINITIONS = (
					"DEBUG=1",
					"$(inherited)",
				);
				GCC_SYMBOLS_PRIVATE_EXTERN = NO;
				GCC_WARN_64_TO_32_BIT_CONVERSION = YES;
				GCC_WARN_ABOUT_RETURN_TYPE = YES_ERROR;
				GCC_WARN_UNDECLARED_SELECTOR = YES;
				GCC_WARN_UNINITIALIZED_AUTOS = YES_AGGRESSIVE;
				GCC_WARN_UNUSED_FUNCTION = YES;
				GCC_WARN_UNUSED_VARIABLE = YES;
				IPHONEOS_DEPLOYMENT_TARGET = 8.2;
				MTL_ENABLE_DEBUG_INFO = YES;
				ONLY_ACTIVE_ARCH = YES;
				SDKROOT = iphoneos;
				SWIFT_OPTIMIZATION_LEVEL = "-Onone";
				TARGETED_DEVICE_FAMILY = "1,2";
			};
			name = Debug;
		};
		D1BAED3B1A1EA35000E99797 /* Release */ = {
			isa = XCBuildConfiguration;
			buildSettings = {
				ALWAYS_SEARCH_USER_PATHS = NO;
				CLANG_CXX_LANGUAGE_STANDARD = "gnu++0x";
				CLANG_CXX_LIBRARY = "libc++";
				CLANG_ENABLE_MODULES = YES;
				CLANG_ENABLE_OBJC_ARC = YES;
				CLANG_WARN_BOOL_CONVERSION = YES;
				CLANG_WARN_CONSTANT_CONVERSION = YES;
				CLANG_WARN_DIRECT_OBJC_ISA_USAGE = YES_ERROR;
				CLANG_WARN_EMPTY_BODY = YES;
				CLANG_WARN_ENUM_CONVERSION = YES;
				CLANG_WARN_INT_CONVERSION = YES;
				CLANG_WARN_OBJC_ROOT_CLASS = YES_ERROR;
				CLANG_WARN_UNREACHABLE_CODE = YES;
				CLANG_WARN__DUPLICATE_METHOD_MATCH = YES;
				"CODE_SIGN_IDENTITY[sdk=iphoneos*]" = "iPhone Developer";
				COPY_PHASE_STRIP = YES;
				ENABLE_NS_ASSERTIONS = NO;
				ENABLE_STRICT_OBJC_MSGSEND = YES;
				GCC_C_LANGUAGE_STANDARD = gnu99;
				GCC_WARN_64_TO_32_BIT_CONVERSION = YES;
				GCC_WARN_ABOUT_RETURN_TYPE = YES_ERROR;
				GCC_WARN_UNDECLARED_SELECTOR = YES;
				GCC_WARN_UNINITIALIZED_AUTOS = YES_AGGRESSIVE;
				GCC_WARN_UNUSED_FUNCTION = YES;
				GCC_WARN_UNUSED_VARIABLE = YES;
				IPHONEOS_DEPLOYMENT_TARGET = 8.2;
				MTL_ENABLE_DEBUG_INFO = NO;
				SDKROOT = iphoneos;
				TARGETED_DEVICE_FAMILY = "1,2";
				VALIDATE_PRODUCT = YES;
			};
			name = Release;
		};
		D1BAED3D1A1EA35000E99797 /* Debug */ = {
			isa = XCBuildConfiguration;
			buildSettings = {
				ASSETCATALOG_COMPILER_APPICON_NAME = AppIcon;
				INFOPLIST_FILE = BAE/Info.plist;
				LD_RUNPATH_SEARCH_PATHS = "$(inherited) @executable_path/Frameworks";
				PRODUCT_NAME = "$(TARGET_NAME)";
			};
			name = Debug;
		};
		D1BAED3E1A1EA35000E99797 /* Release */ = {
			isa = XCBuildConfiguration;
			buildSettings = {
				ASSETCATALOG_COMPILER_APPICON_NAME = AppIcon;
				INFOPLIST_FILE = BAE/Info.plist;
				LD_RUNPATH_SEARCH_PATHS = "$(inherited) @executable_path/Frameworks";
				PRODUCT_NAME = "$(TARGET_NAME)";
			};
			name = Release;
		};
		D1BAED401A1EA35000E99797 /* Debug */ = {
			isa = XCBuildConfiguration;
			buildSettings = {
				BUNDLE_LOADER = "$(TEST_HOST)";
				FRAMEWORK_SEARCH_PATHS = (
					"$(SDKROOT)/Developer/Library/Frameworks",
					"$(inherited)",
				);
				GCC_PREPROCESSOR_DEFINITIONS = (
					"DEBUG=1",
					"$(inherited)",
				);
				INFOPLIST_FILE = BAETests/Info.plist;
				LD_RUNPATH_SEARCH_PATHS = "$(inherited) @executable_path/Frameworks @loader_path/Frameworks";
				PRODUCT_NAME = "$(TARGET_NAME)";
				TEST_HOST = "$(BUILT_PRODUCTS_DIR)/BAE.app/BAE";
			};
			name = Debug;
		};
		D1BAED411A1EA35000E99797 /* Release */ = {
			isa = XCBuildConfiguration;
			buildSettings = {
				BUNDLE_LOADER = "$(TEST_HOST)";
				FRAMEWORK_SEARCH_PATHS = (
					"$(SDKROOT)/Developer/Library/Frameworks",
					"$(inherited)",
				);
				INFOPLIST_FILE = BAETests/Info.plist;
				LD_RUNPATH_SEARCH_PATHS = "$(inherited) @executable_path/Frameworks @loader_path/Frameworks";
				PRODUCT_NAME = "$(TARGET_NAME)";
				TEST_HOST = "$(BUILT_PRODUCTS_DIR)/BAE.app/BAE";
			};
			name = Release;
		};
/* End XCBuildConfiguration section */

/* Begin XCConfigurationList section */
		D1BAED181A1EA35000E99797 /* Build configuration list for PBXProject "BAE" */ = {
			isa = XCConfigurationList;
			buildConfigurations = (
				D1BAED3A1A1EA35000E99797 /* Debug */,
				D1BAED3B1A1EA35000E99797 /* Release */,
			);
			defaultConfigurationIsVisible = 0;
			defaultConfigurationName = Release;
		};
		D1BAED3C1A1EA35000E99797 /* Build configuration list for PBXNativeTarget "BAE" */ = {
			isa = XCConfigurationList;
			buildConfigurations = (
				D1BAED3D1A1EA35000E99797 /* Debug */,
				D1BAED3E1A1EA35000E99797 /* Release */,
			);
			defaultConfigurationIsVisible = 0;
			defaultConfigurationName = Release;
		};
		D1BAED3F1A1EA35000E99797 /* Build configuration list for PBXNativeTarget "BAETests" */ = {
			isa = XCConfigurationList;
			buildConfigurations = (
				D1BAED401A1EA35000E99797 /* Debug */,
				D1BAED411A1EA35000E99797 /* Release */,
			);
			defaultConfigurationIsVisible = 0;
			defaultConfigurationName = Release;
		};
/* End XCConfigurationList section */
	};
	rootObject = D1BAED151A1EA35000E99797 /* Project object */;
}
